PODS:
  - SwiftImageEffects (0.1.0):
    - SwiftImageEffects/Accelerate (= 0.1.0)
    - SwiftImageEffects/CoreImage (= 0.1.0)
    - SwiftImageEffects/extensions (= 0.1.0)
  - SwiftImageEffects/Accelerate (0.1.0)
  - SwiftImageEffects/CoreImage (0.1.0)
  - SwiftImageEffects/extensions (0.1.0)
  - SwiftImageEffects/UIVisualEffect (0.1.0)
  - SwiftImageEffectsSamples (0.1.0)
  - SwiftLint (0.28.1)

DEPENDENCIES:
  - SwiftImageEffects (from `../`)
  - SwiftImageEffects/UIVisualEffect (from `../`)
  - SwiftImageEffectsSamples (from `https://github.com/Coeur/ImageEffectsSamples`)
  - SwiftLint (~> 0.28.1.0)

SPEC REPOS:
  https://github.com/cocoapods/specs.git:
    - SwiftLint

EXTERNAL SOURCES:
  SwiftImageEffects:
    :path: "../"
  SwiftImageEffectsSamples:
    :git: https://github.com/Coeur/ImageEffectsSamples

CHECKOUT OPTIONS:
  SwiftImageEffectsSamples:
    :commit: 1a28e1bb6acf9ec58e1043a09025d008d3b54366
    :git: https://github.com/Coeur/ImageEffectsSamples

SPEC CHECKSUMS:
  SwiftImageEffects: 85c8b22c18b933953352ea6aeb1477c83580b7b5
  SwiftImageEffectsSamples: 71d298165a19a56da5ef4c98d51d2a7a0ae07224
  SwiftLint: 7f5f7de0da74a649b16616cb5246ae323489656e

PODFILE CHECKSUM: d11b195c071e3767af25bf21af36990a88ca35b9

COCOAPODS: 1.5.3
