PODS:
  - SwiftImageEffects (0.1.0):
    - SwiftImageEffects/Accelerate (= 0.1.0)
    - SwiftImageEffects/CoreImage (= 0.1.0)
    - SwiftImageEffects/extensions (= 0.1.0)
  - SwiftImageEffects/Accelerate (0.1.0)
  - SwiftImageEffects/CoreImage (0.1.0)
  - SwiftImageEffects/extensions (0.1.0)
  - SwiftImageEffects/UIVisualEffect (0.1.0)
  - SwiftImageEffectsSamples (0.1.0)
  - SwiftLint (0.30.1)

DEPENDENCIES:
  - SwiftImageEffects (from `../`)
  - SwiftImageEffects/UIVisualEffect (from `../`)
  - SwiftImageEffectsSamples (from `https://github.com/Coeur/ImageEffectsSamples`)
  - SwiftLint (~> 0)

SPEC REPOS:
  https://github.com/cocoapods/specs.git:
    - SwiftLint

EXTERNAL SOURCES:
  SwiftImageEffects:
    :path: "../"
  SwiftImageEffectsSamples:
    :git: https://github.com/Coeur/ImageEffectsSamples

CHECKOUT OPTIONS:
  SwiftImageEffectsSamples:
    :commit: 1a28e1bb6acf9ec58e1043a09025d008d3b54366
    :git: https://github.com/Coeur/ImageEffectsSamples

SPEC CHECKSUMS:
  SwiftImageEffects: 85c8b22c18b933953352ea6aeb1477c83580b7b5
  SwiftImageEffectsSamples: 71d298165a19a56da5ef4c98d51d2a7a0ae07224
  SwiftLint: a54bf1fe12b55c68560eb2a7689dfc81458508f7

PODFILE CHECKSUM: dd409649e73414766496c038e48f8aab5a8a76e6

COCOAPODS: 1.5.3
